
Microsoft Visual Studio Solution File, Format Version 12.00
# Visual Studio Version 17
VisualStudioVersion = 17.8.34525.116
MinimumVisualStudioVersion = 10.0.40219.1
Project("{FAE04EC0-301F-11D3-BF4B-00C04F79EFBC}") = "Crud", "Crud.csproj", "{FA0638B8-7037-4719-B267-7647BECF2CD3}"
EndProject
Global
	GlobalSection(SolutionConfigurationPlatforms) = preSolution
		Debug|Any CPU = Debug|Any CPU
		Release|Any CPU = Release|Any CPU
	EndGlobalSection
	GlobalSection(ProjectConfigurationPlatforms) = postSolution
		{FA0638B8-7037-4719-B267-7647BECF2CD3}.Debug|Any CPU.ActiveCfg = Debug|Any CPU
		{FA0638B8-7037-4719-B267-7647BECF2CD3}.Debug|Any CPU.Build.0 = Debug|Any CPU
		{FA0638B8-7037-4719-B267-7647BECF2CD3}.Release|Any CPU.ActiveCfg = Release|Any CPU
		{FA0638B8-7037-4719-B267-7647BECF2CD3}.Release|Any CPU.Build.0 = Release|Any CPU
	EndGlobalSection
	GlobalSection(SolutionProperties) = preSolution
		HideSolutionNode = FALSE
	EndGlobalSection
	GlobalSection(ExtensibilityGlobals) = postSolution
		SolutionGuid = {7579845B-30D1-423E-A30A-F481F9E1150A}
	EndGlobalSection
EndGlobal
